
Microsoft Visual Studio Solution File, Format Version 12.00
# Visual Studio Version 16
VisualStudioVersion = 16.0.31624.102
MinimumVisualStudioVersion = 10.0.40219.1
Project("{2150E333-8FDC-42A3-9474-1A3956D46DE8}") = "Services", "Services", "{59D93F9B-5796-44F7-A49A-3D68925415C6}"
EndProject
Project("{2150E333-8FDC-42A3-9474-1A3956D46DE8}") = "Catalog", "Catalog", "{228B1769-16A1-4BC8-8BCF-53FDB569E105}"
EndProject
Project("{9A19103F-16F7-4668-BE54-9A1E7A4F7556}") = "Catalog.API", "Services\Catalog\Catalog.API\Catalog.API.csproj", "{A488F0D0-F1B9-4FE0-B9F5-5E51B95C079E}"
EndProject
Project("{E53339B2-1760-4266-BCC7-CA923CBCF16C}") = "docker-compose", "docker-compose.dcproj", "{A755C8FD-41EB-4125-8872-A4F98BA6BACB}"
EndProject
Project("{2150E333-8FDC-42A3-9474-1A3956D46DE8}") = "Basket", "Basket", "{66954DF0-1509-4B4B-ADA3-8240FBECCCB6}"
EndProject
Project("{9A19103F-16F7-4668-BE54-9A1E7A4F7556}") = "Basket.API", "Services\Basket\Basket.API\Basket.API.csproj", "{6951E7E9-75F1-4A5C-BA03-D1A74D4122FC}"
EndProject
Project("{2150E333-8FDC-42A3-9474-1A3956D46DE8}") = "Discount", "Discount", "{6732A834-F456-4B30-8778-C4950769445E}"
EndProject
Project("{9A19103F-16F7-4668-BE54-9A1E7A4F7556}") = "Discount.API", "Services\Discount\Discount.API\Discount.API.csproj", "{DD1A0088-9C73-46BB-A155-172A4CBA4FE6}"
EndProject
Project("{9A19103F-16F7-4668-BE54-9A1E7A4F7556}") = "Discount.Grpc", "Services\Discount\Discount.Grpc\Discount.Grpc.csproj", "{B2F20A24-979E-4E4A-80A0-D36E72D47F5D}"
EndProject
Project("{2150E333-8FDC-42A3-9474-1A3956D46DE8}") = "Ordering", "Ordering", "{98ADB9E6-683C-4CE1-A1C2-79FAB47EE20E}"
EndProject
Project("{9A19103F-16F7-4668-BE54-9A1E7A4F7556}") = "Ordering.API", "Services\Ordering\Ordering.API\Ordering.API.csproj", "{DECCA099-B492-45AF-AA15-64AD88B73920}"
EndProject
Project("{9A19103F-16F7-4668-BE54-9A1E7A4F7556}") = "Ordering.Domain", "Services\Ordering\Ordering.Domain\Ordering.Domain.csproj", "{45339CB0-2559-4FFF-835B-137AFA1E883D}"
EndProject
Project("{9A19103F-16F7-4668-BE54-9A1E7A4F7556}") = "Ordering.Application", "Services\Ordering\Ordering.Application\Ordering.Application.csproj", "{8AE4B6B3-2C11-496E-8682-D1E8B18BED17}"
EndProject
Project("{9A19103F-16F7-4668-BE54-9A1E7A4F7556}") = "Ordering.Infrastructure", "Services\Ordering\Ordering.Infrastructure\Ordering.Infrastructure.csproj", "{4C7B922C-7CCA-4C89-AF17-000E1E14D8FB}"
EndProject
Project("{2150E333-8FDC-42A3-9474-1A3956D46DE8}") = "BuildingBlocks", "BuildingBlocks", "{9C1A4FC4-28C4-4A74-94D0-B9E4E68F5C86}"
EndProject
Project("{9A19103F-16F7-4668-BE54-9A1E7A4F7556}") = "EventBus.Messages", "BuildingBlocks\EventBus.Messages\EventBus.Messages.csproj", "{0B0BF6D1-461E-491D-9FF7-0872DAA0CA54}"
EndProject
Project("{2150E333-8FDC-42A3-9474-1A3956D46DE8}") = "ApiGateways", "ApiGateways", "{7A71484B-8FFE-484F-B622-25D30703C2C0}"
EndProject
Project("{FAE04EC0-301F-11D3-BF4B-00C04F79EFBC}") = "OcelotApiGw", "ApiGateways\OcelotApiGw\OcelotApiGw.csproj", "{1EE9E41C-3786-4067-ACE1-A043D82BACCD}"
EndProject
Global
	GlobalSection(SolutionConfigurationPlatforms) = preSolution
		Debug|Any CPU = Debug|Any CPU
		Release|Any CPU = Release|Any CPU
	EndGlobalSection
	GlobalSection(ProjectConfigurationPlatforms) = postSolution
		{A488F0D0-F1B9-4FE0-B9F5-5E51B95C079E}.Debug|Any CPU.ActiveCfg = Debug|Any CPU
		{A488F0D0-F1B9-4FE0-B9F5-5E51B95C079E}.Debug|Any CPU.Build.0 = Debug|Any CPU
		{A488F0D0-F1B9-4FE0-B9F5-5E51B95C079E}.Release|Any CPU.ActiveCfg = Release|Any CPU
		{A488F0D0-F1B9-4FE0-B9F5-5E51B95C079E}.Release|Any CPU.Build.0 = Release|Any CPU
		{A755C8FD-41EB-4125-8872-A4F98BA6BACB}.Debug|Any CPU.ActiveCfg = Debug|Any CPU
		{A755C8FD-41EB-4125-8872-A4F98BA6BACB}.Debug|Any CPU.Build.0 = Debug|Any CPU
		{A755C8FD-41EB-4125-8872-A4F98BA6BACB}.Release|Any CPU.ActiveCfg = Release|Any CPU
		{A755C8FD-41EB-4125-8872-A4F98BA6BACB}.Release|Any CPU.Build.0 = Release|Any CPU
		{6951E7E9-75F1-4A5C-BA03-D1A74D4122FC}.Debug|Any CPU.ActiveCfg = Debug|Any CPU
		{6951E7E9-75F1-4A5C-BA03-D1A74D4122FC}.Debug|Any CPU.Build.0 = Debug|Any CPU
		{6951E7E9-75F1-4A5C-BA03-D1A74D4122FC}.Release|Any CPU.ActiveCfg = Release|Any CPU
		{6951E7E9-75F1-4A5C-BA03-D1A74D4122FC}.Release|Any CPU.Build.0 = Release|Any CPU
		{DD1A0088-9C73-46BB-A155-172A4CBA4FE6}.Debug|Any CPU.ActiveCfg = Debug|Any CPU
		{DD1A0088-9C73-46BB-A155-172A4CBA4FE6}.Debug|Any CPU.Build.0 = Debug|Any CPU
		{DD1A0088-9C73-46BB-A155-172A4CBA4FE6}.Release|Any CPU.ActiveCfg = Release|Any CPU
		{DD1A0088-9C73-46BB-A155-172A4CBA4FE6}.Release|Any CPU.Build.0 = Release|Any CPU
		{B2F20A24-979E-4E4A-80A0-D36E72D47F5D}.Debug|Any CPU.ActiveCfg = Debug|Any CPU
		{B2F20A24-979E-4E4A-80A0-D36E72D47F5D}.Debug|Any CPU.Build.0 = Debug|Any CPU
		{B2F20A24-979E-4E4A-80A0-D36E72D47F5D}.Release|Any CPU.ActiveCfg = Release|Any CPU
		{B2F20A24-979E-4E4A-80A0-D36E72D47F5D}.Release|Any CPU.Build.0 = Release|Any CPU
		{DECCA099-B492-45AF-AA15-64AD88B73920}.Debug|Any CPU.ActiveCfg = Debug|Any CPU
		{DECCA099-B492-45AF-AA15-64AD88B73920}.Debug|Any CPU.Build.0 = Debug|Any CPU
		{DECCA099-B492-45AF-AA15-64AD88B73920}.Release|Any CPU.ActiveCfg = Release|Any CPU
		{DECCA099-B492-45AF-AA15-64AD88B73920}.Release|Any CPU.Build.0 = Release|Any CPU
		{45339CB0-2559-4FFF-835B-137AFA1E883D}.Debug|Any CPU.ActiveCfg = Debug|Any CPU
		{45339CB0-2559-4FFF-835B-137AFA1E883D}.Debug|Any CPU.Build.0 = Debug|Any CPU
		{45339CB0-2559-4FFF-835B-137AFA1E883D}.Release|Any CPU.ActiveCfg = Release|Any CPU
		{45339CB0-2559-4FFF-835B-137AFA1E883D}.Release|Any CPU.Build.0 = Release|Any CPU
		{8AE4B6B3-2C11-496E-8682-D1E8B18BED17}.Debug|Any CPU.ActiveCfg = Debug|Any CPU
		{8AE4B6B3-2C11-496E-8682-D1E8B18BED17}.Debug|Any CPU.Build.0 = Debug|Any CPU
		{8AE4B6B3-2C11-496E-8682-D1E8B18BED17}.Release|Any CPU.ActiveCfg = Release|Any CPU
		{8AE4B6B3-2C11-496E-8682-D1E8B18BED17}.Release|Any CPU.Build.0 = Release|Any CPU
		{4C7B922C-7CCA-4C89-AF17-000E1E14D8FB}.Debug|Any CPU.ActiveCfg = Debug|Any CPU
		{4C7B922C-7CCA-4C89-AF17-000E1E14D8FB}.Debug|Any CPU.Build.0 = Debug|Any CPU
		{4C7B922C-7CCA-4C89-AF17-000E1E14D8FB}.Release|Any CPU.ActiveCfg = Release|Any CPU
		{4C7B922C-7CCA-4C89-AF17-000E1E14D8FB}.Release|Any CPU.Build.0 = Release|Any CPU
		{0B0BF6D1-461E-491D-9FF7-0872DAA0CA54}.Debug|Any CPU.ActiveCfg = Debug|Any CPU
		{0B0BF6D1-461E-491D-9FF7-0872DAA0CA54}.Debug|Any CPU.Build.0 = Debug|Any CPU
		{0B0BF6D1-461E-491D-9FF7-0872DAA0CA54}.Release|Any CPU.ActiveCfg = Release|Any CPU
		{0B0BF6D1-461E-491D-9FF7-0872DAA0CA54}.Release|Any CPU.Build.0 = Release|Any CPU
		{1EE9E41C-3786-4067-ACE1-A043D82BACCD}.Debug|Any CPU.ActiveCfg = Debug|Any CPU
		{1EE9E41C-3786-4067-ACE1-A043D82BACCD}.Debug|Any CPU.Build.0 = Debug|Any CPU
		{1EE9E41C-3786-4067-ACE1-A043D82BACCD}.Release|Any CPU.ActiveCfg = Release|Any CPU
		{1EE9E41C-3786-4067-ACE1-A043D82BACCD}.Release|Any CPU.Build.0 = Release|Any CPU
	EndGlobalSection
	GlobalSection(SolutionProperties) = preSolution
		HideSolutionNode = FALSE
	EndGlobalSection
	GlobalSection(NestedProjects) = preSolution
		{228B1769-16A1-4BC8-8BCF-53FDB569E105} = {59D93F9B-5796-44F7-A49A-3D68925415C6}
		{A488F0D0-F1B9-4FE0-B9F5-5E51B95C079E} = {228B1769-16A1-4BC8-8BCF-53FDB569E105}
		{66954DF0-1509-4B4B-ADA3-8240FBECCCB6} = {59D93F9B-5796-44F7-A49A-3D68925415C6}
		{6951E7E9-75F1-4A5C-BA03-D1A74D4122FC} = {66954DF0-1509-4B4B-ADA3-8240FBECCCB6}
		{6732A834-F456-4B30-8778-C4950769445E} = {59D93F9B-5796-44F7-A49A-3D68925415C6}
		{DD1A0088-9C73-46BB-A155-172A4CBA4FE6} = {6732A834-F456-4B30-8778-C4950769445E}
		{B2F20A24-979E-4E4A-80A0-D36E72D47F5D} = {6732A834-F456-4B30-8778-C4950769445E}
		{98ADB9E6-683C-4CE1-A1C2-79FAB47EE20E} = {59D93F9B-5796-44F7-A49A-3D68925415C6}
		{DECCA099-B492-45AF-AA15-64AD88B73920} = {98ADB9E6-683C-4CE1-A1C2-79FAB47EE20E}
		{45339CB0-2559-4FFF-835B-137AFA1E883D} = {98ADB9E6-683C-4CE1-A1C2-79FAB47EE20E}
		{8AE4B6B3-2C11-496E-8682-D1E8B18BED17} = {98ADB9E6-683C-4CE1-A1C2-79FAB47EE20E}
		{4C7B922C-7CCA-4C89-AF17-000E1E14D8FB} = {98ADB9E6-683C-4CE1-A1C2-79FAB47EE20E}
		{0B0BF6D1-461E-491D-9FF7-0872DAA0CA54} = {9C1A4FC4-28C4-4A74-94D0-B9E4E68F5C86}
		{1EE9E41C-3786-4067-ACE1-A043D82BACCD} = {7A71484B-8FFE-484F-B622-25D30703C2C0}
	EndGlobalSection
	GlobalSection(ExtensibilityGlobals) = postSolution
		SolutionGuid = {2072614C-71AA-4AB0-9192-8384BF1582BF}
	EndGlobalSection
EndGlobal
